
Microsoft Visual Studio Solution File, Format Version 12.00
# Visual Studio Version 17
VisualStudioVersion = 17.0.31903.59
MinimumVisualStudioVersion = 10.0.40219.1
Project("{2150E333-8FDC-42A3-9474-1A3956D46DE8}") = "riscv.net.browser.wasm", "riscv.net.browser.wasm", "{660D8E93-374A-49E6-97BB-C1F9DCAB5281}"
EndProject
Project("{2150E333-8FDC-42A3-9474-1A3956D46DE8}") = "src", "src", "{9B035868-AE9C-436E-AE4A-A4750C78B829}"
EndProject
Project("{F2A71F9B-5D33-465A-A702-920D77279786}") = "riscv.net.browser.wasm.Client", "riscv.net.browser.wasm\src\riscv.net.browser.wasm.Client\riscv.net.browser.wasm.Client.fsproj", "{52C95FEF-9B3B-4F3B-BBE7-D8528EEEB757}"
EndProject
Project("{F2A71F9B-5D33-465A-A702-920D77279786}") = "riscv.net.browser.wasm.Server", "riscv.net.browser.wasm\src\riscv.net.browser.wasm.Server\riscv.net.browser.wasm.Server.fsproj", "{608343B0-1B80-4FC7-A2D4-1D688D075D49}"
EndProject
Project("{2150E333-8FDC-42A3-9474-1A3956D46DE8}") = "riscv.net.browser.js", "riscv.net.browser.js", "{F105F0FD-15A0-4821-8321-A440BBD70E18}"
EndProject
Project("{F2A71F9B-5D33-465A-A702-920D77279786}") = "App", "riscv.net.browser.js\src\App.fsproj", "{92852CBF-83CE-4694-86F6-9AEEA3B7F6DF}"
EndProject
Project("{F2A71F9B-5D33-465A-A702-920D77279786}") = "riscv.net.native", "riscv.net.native\riscv.net.native.fsproj", "{94D34D63-A4AA-4851-9EB6-23F21053E9B1}"
EndProject
Project("{2150E333-8FDC-42A3-9474-1A3956D46DE8}") = "riscv.net.core", "riscv.net.core", "{FA8B0279-588C-43FB-892C-1EA23DFBCC00}"
EndProject
Project("{F2A71F9B-5D33-465A-A702-920D77279786}") = "riscv.net.core.test", "riscv.net.core\riscv.net.core.test\riscv.net.core.test.fsproj", "{812C86A8-4F9F-493E-ABFD-FF2517DF053D}"
EndProject
Global
	GlobalSection(SolutionConfigurationPlatforms) = preSolution
		Debug|Any CPU = Debug|Any CPU
		Release|Any CPU = Release|Any CPU
	EndGlobalSection
	GlobalSection(SolutionProperties) = preSolution
		HideSolutionNode = FALSE
	EndGlobalSection
	GlobalSection(ProjectConfigurationPlatforms) = postSolution
		{F1BC2E69-A6B7-48CF-8034-BFED316AB4D3}.Debug|Any CPU.ActiveCfg = Debug|Any CPU
		{F1BC2E69-A6B7-48CF-8034-BFED316AB4D3}.Debug|Any CPU.Build.0 = Debug|Any CPU
		{F1BC2E69-A6B7-48CF-8034-BFED316AB4D3}.Release|Any CPU.ActiveCfg = Release|Any CPU
		{F1BC2E69-A6B7-48CF-8034-BFED316AB4D3}.Release|Any CPU.Build.0 = Release|Any CPU
		{52C95FEF-9B3B-4F3B-BBE7-D8528EEEB757}.Debug|Any CPU.ActiveCfg = Debug|Any CPU
		{52C95FEF-9B3B-4F3B-BBE7-D8528EEEB757}.Debug|Any CPU.Build.0 = Debug|Any CPU
		{52C95FEF-9B3B-4F3B-BBE7-D8528EEEB757}.Release|Any CPU.ActiveCfg = Release|Any CPU
		{52C95FEF-9B3B-4F3B-BBE7-D8528EEEB757}.Release|Any CPU.Build.0 = Release|Any CPU
		{608343B0-1B80-4FC7-A2D4-1D688D075D49}.Debug|Any CPU.ActiveCfg = Debug|Any CPU
		{608343B0-1B80-4FC7-A2D4-1D688D075D49}.Debug|Any CPU.Build.0 = Debug|Any CPU
		{608343B0-1B80-4FC7-A2D4-1D688D075D49}.Release|Any CPU.ActiveCfg = Release|Any CPU
		{608343B0-1B80-4FC7-A2D4-1D688D075D49}.Release|Any CPU.Build.0 = Release|Any CPU
		{92852CBF-83CE-4694-86F6-9AEEA3B7F6DF}.Debug|Any CPU.ActiveCfg = Debug|Any CPU
		{92852CBF-83CE-4694-86F6-9AEEA3B7F6DF}.Debug|Any CPU.Build.0 = Debug|Any CPU
		{92852CBF-83CE-4694-86F6-9AEEA3B7F6DF}.Release|Any CPU.ActiveCfg = Release|Any CPU
		{92852CBF-83CE-4694-86F6-9AEEA3B7F6DF}.Release|Any CPU.Build.0 = Release|Any CPU
		{94D34D63-A4AA-4851-9EB6-23F21053E9B1}.Debug|Any CPU.ActiveCfg = Debug|Any CPU
		{94D34D63-A4AA-4851-9EB6-23F21053E9B1}.Debug|Any CPU.Build.0 = Debug|Any CPU
		{94D34D63-A4AA-4851-9EB6-23F21053E9B1}.Release|Any CPU.ActiveCfg = Release|Any CPU
		{94D34D63-A4AA-4851-9EB6-23F21053E9B1}.Release|Any CPU.Build.0 = Release|Any CPU
		{812C86A8-4F9F-493E-ABFD-FF2517DF053D}.Debug|Any CPU.ActiveCfg = Debug|Any CPU
		{812C86A8-4F9F-493E-ABFD-FF2517DF053D}.Debug|Any CPU.Build.0 = Debug|Any CPU
		{812C86A8-4F9F-493E-ABFD-FF2517DF053D}.Release|Any CPU.ActiveCfg = Release|Any CPU
		{812C86A8-4F9F-493E-ABFD-FF2517DF053D}.Release|Any CPU.Build.0 = Release|Any CPU
	EndGlobalSection
	GlobalSection(NestedProjects) = preSolution
		{9B035868-AE9C-436E-AE4A-A4750C78B829} = {660D8E93-374A-49E6-97BB-C1F9DCAB5281}
		{52C95FEF-9B3B-4F3B-BBE7-D8528EEEB757} = {9B035868-AE9C-436E-AE4A-A4750C78B829}
		{608343B0-1B80-4FC7-A2D4-1D688D075D49} = {9B035868-AE9C-436E-AE4A-A4750C78B829}
		{92852CBF-83CE-4694-86F6-9AEEA3B7F6DF} = {F105F0FD-15A0-4821-8321-A440BBD70E18}
		{812C86A8-4F9F-493E-ABFD-FF2517DF053D} = {FA8B0279-588C-43FB-892C-1EA23DFBCC00}
	EndGlobalSection
EndGlobal
